
Microsoft Visual Studio Solution File, Format Version 12.00
# Visual Studio Version 16
VisualStudioVersion = 16.0.30611.23
MinimumVisualStudioVersion = 10.0.40219.1
Project("{FAE04EC0-301F-11D3-BF4B-00C04F79EFBC}") = "fantasyF1", "fantasyF1.csproj", "{23C428B4-492D-44E8-90A4-97FA0BA02E3F}"
EndProject
Global
	GlobalSection(SolutionConfigurationPlatforms) = preSolution
		Debug|Any CPU = Debug|Any CPU
		Release|Any CPU = Release|Any CPU
	EndGlobalSection
	GlobalSection(ProjectConfigurationPlatforms) = postSolution
		{23C428B4-492D-44E8-90A4-97FA0BA02E3F}.Debug|Any CPU.ActiveCfg = Debug|Any CPU
		{23C428B4-492D-44E8-90A4-97FA0BA02E3F}.Debug|Any CPU.Build.0 = Debug|Any CPU
		{23C428B4-492D-44E8-90A4-97FA0BA02E3F}.Release|Any CPU.ActiveCfg = Release|Any CPU
		{23C428B4-492D-44E8-90A4-97FA0BA02E3F}.Release|Any CPU.Build.0 = Release|Any CPU
	EndGlobalSection
	GlobalSection(SolutionProperties) = preSolution
		HideSolutionNode = FALSE
	EndGlobalSection
	GlobalSection(ExtensibilityGlobals) = postSolution
		SolutionGuid = {914D53F6-C953-4219-8F25-65A9627574E0}
	EndGlobalSection
EndGlobal
